
Microsoft Visual Studio Solution File, Format Version 12.00
# Visual Studio Version 17
VisualStudioVersion = 17.5.33502.453
MinimumVisualStudioVersion = 10.0.40219.1
Project("{9A19103F-16F7-4668-BE54-9A1E7A4F7556}") = "Chip8Emulator", "Chip8Emulator\Chip8Emulator.csproj", "{46DE4D72-3820-47D1-87C8-14F2596C3A01}"
EndProject
Global
	GlobalSection(SolutionConfigurationPlatforms) = preSolution
		Debug|Any CPU = Debug|Any CPU
		Release|Any CPU = Release|Any CPU
	EndGlobalSection
	GlobalSection(ProjectConfigurationPlatforms) = postSolution
		{46DE4D72-3820-47D1-87C8-14F2596C3A01}.Debug|Any CPU.ActiveCfg = Debug|Any CPU
		{46DE4D72-3820-47D1-87C8-14F2596C3A01}.Debug|Any CPU.Build.0 = Debug|Any CPU
		{46DE4D72-3820-47D1-87C8-14F2596C3A01}.Debug|Any CPU.Deploy.0 = Debug|Any CPU
		{46DE4D72-3820-47D1-87C8-14F2596C3A01}.Release|Any CPU.ActiveCfg = Release|Any CPU
		{46DE4D72-3820-47D1-87C8-14F2596C3A01}.Release|Any CPU.Build.0 = Release|Any CPU
		{46DE4D72-3820-47D1-87C8-14F2596C3A01}.Release|Any CPU.Deploy.0 = Release|Any CPU
		{0AD8C7BB-15EF-4E3A-86E8-66E03D1E1435}.Debug|Any CPU.ActiveCfg = Debug|Any CPU
		{0AD8C7BB-15EF-4E3A-86E8-66E03D1E1435}.Debug|Any CPU.Build.0 = Debug|Any CPU
		{0AD8C7BB-15EF-4E3A-86E8-66E03D1E1435}.Release|Any CPU.ActiveCfg = Release|Any CPU
		{0AD8C7BB-15EF-4E3A-86E8-66E03D1E1435}.Release|Any CPU.Build.0 = Release|Any CPU
		{A55DC7BF-84E0-4C8D-B7FF-608CC28608F1}.Debug|Any CPU.ActiveCfg = Debug|Any CPU
		{A55DC7BF-84E0-4C8D-B7FF-608CC28608F1}.Debug|Any CPU.Build.0 = Debug|Any CPU
		{A55DC7BF-84E0-4C8D-B7FF-608CC28608F1}.Release|Any CPU.ActiveCfg = Release|Any CPU
		{A55DC7BF-84E0-4C8D-B7FF-608CC28608F1}.Release|Any CPU.Build.0 = Release|Any CPU
	EndGlobalSection
	GlobalSection(SolutionProperties) = preSolution
		HideSolutionNode = FALSE
	EndGlobalSection
	GlobalSection(ExtensibilityGlobals) = postSolution
		SolutionGuid = {79032387-AD45-4886-AAF8-E391388DD20D}
	EndGlobalSection
EndGlobal
